
Microsoft Visual Studio Solution File, Format Version 12.00
# Visual Studio Version 16
VisualStudioVersion = 16.0.32510.428
MinimumVisualStudioVersion = 10.0.40219.1
Project("{FAE04EC0-301F-11D3-BF4B-00C04F79EFBC}") = "prySimulacroParcial2", "prySimulacroParcial2.csproj", "{D1B43FBB-8DF3-4A39-BE28-AA7B15D769A0}"
EndProject
Global
	GlobalSection(SolutionConfigurationPlatforms) = preSolution
		Debug|Any CPU = Debug|Any CPU
		Release|Any CPU = Release|Any CPU
	EndGlobalSection
	GlobalSection(ProjectConfigurationPlatforms) = postSolution
		{D1B43FBB-8DF3-4A39-BE28-AA7B15D769A0}.Debug|Any CPU.ActiveCfg = Debug|Any CPU
		{D1B43FBB-8DF3-4A39-BE28-AA7B15D769A0}.Debug|Any CPU.Build.0 = Debug|Any CPU
		{D1B43FBB-8DF3-4A39-BE28-AA7B15D769A0}.Release|Any CPU.ActiveCfg = Release|Any CPU
		{D1B43FBB-8DF3-4A39-BE28-AA7B15D769A0}.Release|Any CPU.Build.0 = Release|Any CPU
	EndGlobalSection
	GlobalSection(SolutionProperties) = preSolution
		HideSolutionNode = FALSE
	EndGlobalSection
	GlobalSection(ExtensibilityGlobals) = postSolution
		SolutionGuid = {ADC0769F-B633-4579-8E67-D68D2B6DEB9F}
	EndGlobalSection
EndGlobal
